
Microsoft Visual Studio Solution File, Format Version 11.00
# Visual Web Developer Express 2010
Project("{FAE04EC0-301F-11D3-BF4B-00C04F79EFBC}") = "BHDSite", "BHDSite\BHDSite.csproj", "{6DEFA40D-8625-4A36-9FB9-4C1C1415AFAB}"
EndProject
Global
	GlobalSection(SolutionConfigurationPlatforms) = preSolution
		Debug|Any CPU = Debug|Any CPU
		Release|Any CPU = Release|Any CPU
	EndGlobalSection
	GlobalSection(ProjectConfigurationPlatforms) = postSolution
		{6DEFA40D-8625-4A36-9FB9-4C1C1415AFAB}.Debug|Any CPU.ActiveCfg = Debug|Any CPU
		{6DEFA40D-8625-4A36-9FB9-4C1C1415AFAB}.Debug|Any CPU.Build.0 = Debug|Any CPU
		{6DEFA40D-8625-4A36-9FB9-4C1C1415AFAB}.Release|Any CPU.ActiveCfg = Release|Any CPU
		{6DEFA40D-8625-4A36-9FB9-4C1C1415AFAB}.Release|Any CPU.Build.0 = Release|Any CPU
	EndGlobalSection
	GlobalSection(SolutionProperties) = preSolution
		HideSolutionNode = FALSE
	EndGlobalSection
EndGlobal
